// !$*UTF8*$!
{
	archiveVersion = 1;
	classes = {
	};
	objectVersion = 56;
	objects = {

/* Begin PBXBuildFile section */
		A24BA8D12A09FF750008F8CC /* OpenPassAppleTVPOCApp.swift in Sources */ = {isa = PBXBuildFile; fileRef = A24BA8D02A09FF750008F8CC /* OpenPassAppleTVPOCApp.swift */; };
		A24BA8D32A09FF750008F8CC /* RootView.swift in Sources */ = {isa = PBXBuildFile; fileRef = A24BA8D22A09FF750008F8CC /* RootView.swift */; };
		A24BA8D52A09FF760008F8CC /* Assets.xcassets in Resources */ = {isa = PBXBuildFile; fileRef = A24BA8D42A09FF760008F8CC /* Assets.xcassets */; };
		A24BA8D82A09FF760008F8CC /* Preview Assets.xcassets in Resources */ = {isa = PBXBuildFile; fileRef = A24BA8D72A09FF760008F8CC /* Preview Assets.xcassets */; };
		A26ED3762A0A07B500D659CA /* RootViewModel.swift in Sources */ = {isa = PBXBuildFile; fileRef = A26ED3752A0A07B500D659CA /* RootViewModel.swift */; };
		A26ED3782A0A082500D659CA /* ErrorListView.swift in Sources */ = {isa = PBXBuildFile; fileRef = A26ED3772A0A082500D659CA /* ErrorListView.swift */; };
		A26ED37A2A0A084700D659CA /* TokensListView.swift in Sources */ = {isa = PBXBuildFile; fileRef = A26ED3792A0A084700D659CA /* TokensListView.swift */; };
		A26ED37C2A0A087000D659CA /* OpenPassTokensView.swift in Sources */ = {isa = PBXBuildFile; fileRef = A26ED37B2A0A087000D659CA /* OpenPassTokensView.swift */; };
		A26ED37E2A0A093700D659CA /* OpenPass in Frameworks */ = {isa = PBXBuildFile; productRef = A26ED37D2A0A093700D659CA /* OpenPass */; };
		A26ED3802A0A0A1F00D659CA /* Localizable.strings in Resources */ = {isa = PBXBuildFile; fileRef = A26ED37F2A0A0A1F00D659CA /* Localizable.strings */; };
		E245BA5F293F9C150053DCB2 /* OpenPassTokensView.swift in Sources */ = {isa = PBXBuildFile; fileRef = E245BA5E293F9C150053DCB2 /* OpenPassTokensView.swift */; };
		E262B3DD2913FD1100C55A06 /* Localizable.strings in Resources */ = {isa = PBXBuildFile; fileRef = E262B3DC2913FD1100C55A06 /* Localizable.strings */; };
		E298111128F9DDC400A6A6E0 /* AppDelegate.swift in Sources */ = {isa = PBXBuildFile; fileRef = E298111028F9DDC400A6A6E0 /* AppDelegate.swift */; };
		E298111A28F9DDC500A6A6E0 /* Assets.xcassets in Resources */ = {isa = PBXBuildFile; fileRef = E298111928F9DDC500A6A6E0 /* Assets.xcassets */; };
		E298111D28F9DDC500A6A6E0 /* LaunchScreen.storyboard in Resources */ = {isa = PBXBuildFile; fileRef = E298111B28F9DDC500A6A6E0 /* LaunchScreen.storyboard */; };
		E2A122E228FEEAD200EBB04F /* RootView.swift in Sources */ = {isa = PBXBuildFile; fileRef = E2A122E128FEEAD200EBB04F /* RootView.swift */; };
		E2A122E428FEEBA000EBB04F /* RootViewModel.swift in Sources */ = {isa = PBXBuildFile; fileRef = E2A122E328FEEBA000EBB04F /* RootViewModel.swift */; };
		E2B0B625293F5F5700E89786 /* ErrorListView.swift in Sources */ = {isa = PBXBuildFile; fileRef = E2B0B624293F5F5700E89786 /* ErrorListView.swift */; };
		E2B0B627293F60DF00E89786 /* TokensListView.swift in Sources */ = {isa = PBXBuildFile; fileRef = E2B0B626293F60DF00E89786 /* TokensListView.swift */; };
		E2E9795A28F9E5AE00E46CE8 /* OpenPass in Frameworks */ = {isa = PBXBuildFile; productRef = E2E9795928F9E5AE00E46CE8 /* OpenPass */; };
/* End PBXBuildFile section */

/* Begin PBXFileReference section */
		A24BA8CE2A09FF750008F8CC /* OpenPassAppleTVPOC.app */ = {isa = PBXFileReference; explicitFileType = wrapper.application; includeInIndex = 0; path = OpenPassAppleTVPOC.app; sourceTree = BUILT_PRODUCTS_DIR; };
		A24BA8D02A09FF750008F8CC /* OpenPassAppleTVPOCApp.swift */ = {isa = PBXFileReference; lastKnownFileType = sourcecode.swift; path = OpenPassAppleTVPOCApp.swift; sourceTree = "<group>"; };
		A24BA8D22A09FF750008F8CC /* RootView.swift */ = {isa = PBXFileReference; lastKnownFileType = sourcecode.swift; path = RootView.swift; sourceTree = "<group>"; };
		A24BA8D42A09FF760008F8CC /* Assets.xcassets */ = {isa = PBXFileReference; lastKnownFileType = folder.assetcatalog; path = Assets.xcassets; sourceTree = "<group>"; };
		A24BA8D72A09FF760008F8CC /* Preview Assets.xcassets */ = {isa = PBXFileReference; lastKnownFileType = folder.assetcatalog; path = "Preview Assets.xcassets"; sourceTree = "<group>"; };
		A26ED3752A0A07B500D659CA /* RootViewModel.swift */ = {isa = PBXFileReference; lastKnownFileType = sourcecode.swift; path = RootViewModel.swift; sourceTree = "<group>"; };
		A26ED3772A0A082500D659CA /* ErrorListView.swift */ = {isa = PBXFileReference; lastKnownFileType = sourcecode.swift; path = ErrorListView.swift; sourceTree = "<group>"; };
		A26ED3792A0A084700D659CA /* TokensListView.swift */ = {isa = PBXFileReference; lastKnownFileType = sourcecode.swift; path = TokensListView.swift; sourceTree = "<group>"; };
		A26ED37B2A0A087000D659CA /* OpenPassTokensView.swift */ = {isa = PBXFileReference; lastKnownFileType = sourcecode.swift; path = OpenPassTokensView.swift; sourceTree = "<group>"; };
		A26ED37F2A0A0A1F00D659CA /* Localizable.strings */ = {isa = PBXFileReference; lastKnownFileType = text.plist.strings; path = Localizable.strings; sourceTree = "<group>"; };
		E238F6232A0BEF6400D66E75 /* AuthenticationServices.framework */ = {isa = PBXFileReference; lastKnownFileType = wrapper.framework; name = AuthenticationServices.framework; path = Platforms/AppleTVOS.platform/Developer/SDKs/AppleTVOS16.4.sdk/System/Library/Frameworks/AuthenticationServices.framework; sourceTree = DEVELOPER_DIR; };
		E245BA5E293F9C150053DCB2 /* OpenPassTokensView.swift */ = {isa = PBXFileReference; lastKnownFileType = sourcecode.swift; path = OpenPassTokensView.swift; sourceTree = "<group>"; };
		E262B3DC2913FD1100C55A06 /* Localizable.strings */ = {isa = PBXFileReference; lastKnownFileType = text.plist.strings; path = Localizable.strings; sourceTree = "<group>"; };
		E298110D28F9DDC400A6A6E0 /* OpenPassDevelopmentApp.app */ = {isa = PBXFileReference; explicitFileType = wrapper.application; includeInIndex = 0; path = OpenPassDevelopmentApp.app; sourceTree = BUILT_PRODUCTS_DIR; };
		E298111028F9DDC400A6A6E0 /* AppDelegate.swift */ = {isa = PBXFileReference; lastKnownFileType = sourcecode.swift; path = AppDelegate.swift; sourceTree = "<group>"; };
		E298111928F9DDC500A6A6E0 /* Assets.xcassets */ = {isa = PBXFileReference; lastKnownFileType = folder.assetcatalog; path = Assets.xcassets; sourceTree = "<group>"; };
		E298111C28F9DDC500A6A6E0 /* Base */ = {isa = PBXFileReference; lastKnownFileType = file.storyboard; name = Base; path = Base.lproj/LaunchScreen.storyboard; sourceTree = "<group>"; };
		E298111E28F9DDC500A6A6E0 /* Info.plist */ = {isa = PBXFileReference; lastKnownFileType = text.plist.xml; path = Info.plist; sourceTree = "<group>"; };
		E2A122E128FEEAD200EBB04F /* RootView.swift */ = {isa = PBXFileReference; lastKnownFileType = sourcecode.swift; path = RootView.swift; sourceTree = "<group>"; };
		E2A122E328FEEBA000EBB04F /* RootViewModel.swift */ = {isa = PBXFileReference; lastKnownFileType = sourcecode.swift; path = RootViewModel.swift; sourceTree = "<group>"; };
		E2B0B624293F5F5700E89786 /* ErrorListView.swift */ = {isa = PBXFileReference; lastKnownFileType = sourcecode.swift; path = ErrorListView.swift; sourceTree = "<group>"; };
		E2B0B626293F60DF00E89786 /* TokensListView.swift */ = {isa = PBXFileReference; lastKnownFileType = sourcecode.swift; path = TokensListView.swift; sourceTree = "<group>"; };
		E2D56C142A0AF1E50001866B /* Info.plist */ = {isa = PBXFileReference; lastKnownFileType = text.plist; path = Info.plist; sourceTree = "<group>"; };
		E2E9795728F9E58900E46CE8 /* openpass-ios-sdk */ = {isa = PBXFileReference; lastKnownFileType = wrapper; name = "openpass-ios-sdk"; path = ..; sourceTree = "<group>"; };
/* End PBXFileReference section */

/* Begin PBXFrameworksBuildPhase section */
		A24BA8CB2A09FF750008F8CC /* Frameworks */ = {
			isa = PBXFrameworksBuildPhase;
			buildActionMask = 2147483647;
			files = (
				A26ED37E2A0A093700D659CA /* OpenPass in Frameworks */,
			);
			runOnlyForDeploymentPostprocessing = 0;
		};
		E298110A28F9DDC400A6A6E0 /* Frameworks */ = {
			isa = PBXFrameworksBuildPhase;
			buildActionMask = 2147483647;
			files = (
				E2E9795A28F9E5AE00E46CE8 /* OpenPass in Frameworks */,
			);
			runOnlyForDeploymentPostprocessing = 0;
		};
/* End PBXFrameworksBuildPhase section */

/* Begin PBXGroup section */
		A24BA8CF2A09FF750008F8CC /* OpenPassAppleTVPOC */ = {
			isa = PBXGroup;
			children = (
				E2D56C142A0AF1E50001866B /* Info.plist */,
				A24BA8D02A09FF750008F8CC /* OpenPassAppleTVPOCApp.swift */,
				A24BA8D22A09FF750008F8CC /* RootView.swift */,
				A26ED3752A0A07B500D659CA /* RootViewModel.swift */,
				A26ED3772A0A082500D659CA /* ErrorListView.swift */,
				A26ED3792A0A084700D659CA /* TokensListView.swift */,
				A26ED37B2A0A087000D659CA /* OpenPassTokensView.swift */,
				A24BA8D42A09FF760008F8CC /* Assets.xcassets */,
				A24BA8D62A09FF760008F8CC /* Preview Content */,
				A26ED37F2A0A0A1F00D659CA /* Localizable.strings */,
			);
			path = OpenPassAppleTVPOC;
			sourceTree = "<group>";
		};
		A24BA8D62A09FF760008F8CC /* Preview Content */ = {
			isa = PBXGroup;
			children = (
				A24BA8D72A09FF760008F8CC /* Preview Assets.xcassets */,
			);
			path = "Preview Content";
			sourceTree = "<group>";
		};
		E298110428F9DDC400A6A6E0 = {
			isa = PBXGroup;
			children = (
				E2E9795628F9E58900E46CE8 /* Packages */,
				E298110F28F9DDC400A6A6E0 /* OpenPassDevelopmentApp */,
				A24BA8CF2A09FF750008F8CC /* OpenPassAppleTVPOC */,
				E298110E28F9DDC400A6A6E0 /* Products */,
				E2E9795828F9E5AE00E46CE8 /* Frameworks */,
			);
			sourceTree = "<group>";
		};
		E298110E28F9DDC400A6A6E0 /* Products */ = {
			isa = PBXGroup;
			children = (
				E298110D28F9DDC400A6A6E0 /* OpenPassDevelopmentApp.app */,
				A24BA8CE2A09FF750008F8CC /* OpenPassAppleTVPOC.app */,
			);
			name = Products;
			sourceTree = "<group>";
		};
		E298110F28F9DDC400A6A6E0 /* OpenPassDevelopmentApp */ = {
			isa = PBXGroup;
			children = (
				E298111028F9DDC400A6A6E0 /* AppDelegate.swift */,
				E2A122E128FEEAD200EBB04F /* RootView.swift */,
				E2A122E328FEEBA000EBB04F /* RootViewModel.swift */,
				E2B0B624293F5F5700E89786 /* ErrorListView.swift */,
				E2B0B626293F60DF00E89786 /* TokensListView.swift */,
				E245BA5E293F9C150053DCB2 /* OpenPassTokensView.swift */,
				E298111928F9DDC500A6A6E0 /* Assets.xcassets */,
				E298111B28F9DDC500A6A6E0 /* LaunchScreen.storyboard */,
				E298111E28F9DDC500A6A6E0 /* Info.plist */,
				E262B3DC2913FD1100C55A06 /* Localizable.strings */,
			);
			path = OpenPassDevelopmentApp;
			sourceTree = "<group>";
		};
		E2E9795628F9E58900E46CE8 /* Packages */ = {
			isa = PBXGroup;
			children = (
				E2E9795728F9E58900E46CE8 /* openpass-ios-sdk */,
			);
			name = Packages;
			sourceTree = "<group>";
		};
		E2E9795828F9E5AE00E46CE8 /* Frameworks */ = {
			isa = PBXGroup;
			children = (
				E238F6232A0BEF6400D66E75 /* AuthenticationServices.framework */,
			);
			name = Frameworks;
			sourceTree = "<group>";
		};
/* End PBXGroup section */

/* Begin PBXNativeTarget section */
		A24BA8CD2A09FF750008F8CC /* OpenPassAppleTVPOC */ = {
			isa = PBXNativeTarget;
			buildConfigurationList = A24BA8DB2A09FF760008F8CC /* Build configuration list for PBXNativeTarget "OpenPassAppleTVPOC" */;
			buildPhases = (
				A24BA8CA2A09FF750008F8CC /* Sources */,
				A24BA8CB2A09FF750008F8CC /* Frameworks */,
				A24BA8CC2A09FF750008F8CC /* Resources */,
			);
			buildRules = (
			);
			dependencies = (
			);
			name = OpenPassAppleTVPOC;
			packageProductDependencies = (
				A26ED37D2A0A093700D659CA /* OpenPass */,
			);
			productName = OpenPassAppleTVPOC;
			productReference = A24BA8CE2A09FF750008F8CC /* OpenPassAppleTVPOC.app */;
			productType = "com.apple.product-type.application";
		};
		E298110C28F9DDC400A6A6E0 /* OpenPassDevelopmentApp */ = {
			isa = PBXNativeTarget;
			buildConfigurationList = E298112128F9DDC500A6A6E0 /* Build configuration list for PBXNativeTarget "OpenPassDevelopmentApp" */;
			buildPhases = (
				E298110928F9DDC400A6A6E0 /* Sources */,
				E298110A28F9DDC400A6A6E0 /* Frameworks */,
				E298110B28F9DDC400A6A6E0 /* Resources */,
				E2B9CFF228F9EEF0004E96B4 /* ShellScript */,
			);
			buildRules = (
			);
			dependencies = (
			);
			name = OpenPassDevelopmentApp;
			packageProductDependencies = (
				E2E9795928F9E5AE00E46CE8 /* OpenPass */,
			);
			productName = OpenPassDevelopmentApp;
			productReference = E298110D28F9DDC400A6A6E0 /* OpenPassDevelopmentApp.app */;
			productType = "com.apple.product-type.application";
		};
/* End PBXNativeTarget section */

/* Begin PBXProject section */
		E298110528F9DDC400A6A6E0 /* Project object */ = {
			isa = PBXProject;
			attributes = {
				BuildIndependentTargetsInParallel = 1;
				LastSwiftUpdateCheck = 1430;
				LastUpgradeCheck = 1400;
				TargetAttributes = {
					A24BA8CD2A09FF750008F8CC = {
						CreatedOnToolsVersion = 14.3;
					};
					E298110C28F9DDC400A6A6E0 = {
						CreatedOnToolsVersion = 14.0;
					};
				};
			};
			buildConfigurationList = E298110828F9DDC400A6A6E0 /* Build configuration list for PBXProject "OpenPassDevelopmentApp" */;
			compatibilityVersion = "Xcode 14.0";
			developmentRegion = en;
			hasScannedForEncodings = 0;
			knownRegions = (
				en,
				Base,
			);
			mainGroup = E298110428F9DDC400A6A6E0;
			productRefGroup = E298110E28F9DDC400A6A6E0 /* Products */;
			projectDirPath = "";
			projectRoot = "";
			targets = (
				E298110C28F9DDC400A6A6E0 /* OpenPassDevelopmentApp */,
				A24BA8CD2A09FF750008F8CC /* OpenPassAppleTVPOC */,
			);
		};
/* End PBXProject section */

/* Begin PBXResourcesBuildPhase section */
		A24BA8CC2A09FF750008F8CC /* Resources */ = {
			isa = PBXResourcesBuildPhase;
			buildActionMask = 2147483647;
			files = (
				A24BA8D82A09FF760008F8CC /* Preview Assets.xcassets in Resources */,
				A26ED3802A0A0A1F00D659CA /* Localizable.strings in Resources */,
				A24BA8D52A09FF760008F8CC /* Assets.xcassets in Resources */,
			);
			runOnlyForDeploymentPostprocessing = 0;
		};
		E298110B28F9DDC400A6A6E0 /* Resources */ = {
			isa = PBXResourcesBuildPhase;
			buildActionMask = 2147483647;
			files = (
				E298111D28F9DDC500A6A6E0 /* LaunchScreen.storyboard in Resources */,
				E262B3DD2913FD1100C55A06 /* Localizable.strings in Resources */,
				E298111A28F9DDC500A6A6E0 /* Assets.xcassets in Resources */,
			);
			runOnlyForDeploymentPostprocessing = 0;
		};
/* End PBXResourcesBuildPhase section */

/* Begin PBXShellScriptBuildPhase section */
		E2B9CFF228F9EEF0004E96B4 /* ShellScript */ = {
			isa = PBXShellScriptBuildPhase;
			alwaysOutOfDate = 1;
			buildActionMask = 2147483647;
			files = (
			);
			inputFileListPaths = (
			);
			inputPaths = (
			);
			outputFileListPaths = (
			);
			outputPaths = (
			);
			runOnlyForDeploymentPostprocessing = 0;
			shellPath = /bin/sh;
			shellScript = "export PATH=\"$PATH:/opt/homebrew/bin\"\nif which swiftlint > /dev/null; then\n  swiftlint  --config ../.swiftlint.yml\nelse\n  echo \"warning: SwiftLint not installed, download from https://github.com/realm/SwiftLint\"\nfi\n";
		};
/* End PBXShellScriptBuildPhase section */

/* Begin PBXSourcesBuildPhase section */
		A24BA8CA2A09FF750008F8CC /* Sources */ = {
			isa = PBXSourcesBuildPhase;
			buildActionMask = 2147483647;
			files = (
				A24BA8D32A09FF750008F8CC /* RootView.swift in Sources */,
				A26ED3762A0A07B500D659CA /* RootViewModel.swift in Sources */,
				A24BA8D12A09FF750008F8CC /* OpenPassAppleTVPOCApp.swift in Sources */,
				A26ED37A2A0A084700D659CA /* TokensListView.swift in Sources */,
				A26ED3782A0A082500D659CA /* ErrorListView.swift in Sources */,
				A26ED37C2A0A087000D659CA /* OpenPassTokensView.swift in Sources */,
			);
			runOnlyForDeploymentPostprocessing = 0;
		};
		E298110928F9DDC400A6A6E0 /* Sources */ = {
			isa = PBXSourcesBuildPhase;
			buildActionMask = 2147483647;
			files = (
				E245BA5F293F9C150053DCB2 /* OpenPassTokensView.swift in Sources */,
				E2B0B627293F60DF00E89786 /* TokensListView.swift in Sources */,
				E298111128F9DDC400A6A6E0 /* AppDelegate.swift in Sources */,
				E2A122E428FEEBA000EBB04F /* RootViewModel.swift in Sources */,
				E2A122E228FEEAD200EBB04F /* RootView.swift in Sources */,
				E2B0B625293F5F5700E89786 /* ErrorListView.swift in Sources */,
			);
			runOnlyForDeploymentPostprocessing = 0;
		};
/* End PBXSourcesBuildPhase section */

/* Begin PBXVariantGroup section */
		E298111B28F9DDC500A6A6E0 /* LaunchScreen.storyboard */ = {
			isa = PBXVariantGroup;
			children = (
				E298111C28F9DDC500A6A6E0 /* Base */,
			);
			name = LaunchScreen.storyboard;
			sourceTree = "<group>";
		};
/* End PBXVariantGroup section */

/* Begin XCBuildConfiguration section */
		A24BA8D92A09FF760008F8CC /* Debug */ = {
			isa = XCBuildConfiguration;
			buildSettings = {
				ASSETCATALOG_COMPILER_APPICON_NAME = "App Icon & Top Shelf Image";
				ASSETCATALOG_COMPILER_GLOBAL_ACCENT_COLOR_NAME = AccentColor;
				CODE_SIGN_STYLE = Automatic;
				CURRENT_PROJECT_VERSION = 1;
				DEVELOPMENT_ASSET_PATHS = ..;
				DEVELOPMENT_TEAM = 7HDA78784S;
				ENABLE_PREVIEWS = YES;
				GENERATE_INFOPLIST_FILE = YES;
				INFOPLIST_FILE = OpenPassAppleTVPOC/Info.plist;
				INFOPLIST_KEY_UILaunchScreen_Generation = YES;
				INFOPLIST_KEY_UIUserInterfaceStyle = Automatic;
				LD_RUNPATH_SEARCH_PATHS = (
					"$(inherited)",
					"@executable_path/Frameworks",
				);
				MARKETING_VERSION = 1.0;
				PRODUCT_BUNDLE_IDENTIFIER = com.myopenpass.tv.OpenPassAppleTVPOC;
				PRODUCT_NAME = "$(TARGET_NAME)";
				SDKROOT = appletvos;
				SWIFT_EMIT_LOC_STRINGS = YES;
				SWIFT_VERSION = 5.0;
				TARGETED_DEVICE_FAMILY = 3;
				TVOS_DEPLOYMENT_TARGET = 16.4;
			};
			name = Debug;
		};
		A24BA8DA2A09FF760008F8CC /* Release */ = {
			isa = XCBuildConfiguration;
			buildSettings = {
				ASSETCATALOG_COMPILER_APPICON_NAME = "App Icon & Top Shelf Image";
				ASSETCATALOG_COMPILER_GLOBAL_ACCENT_COLOR_NAME = AccentColor;
				CODE_SIGN_STYLE = Automatic;
				CURRENT_PROJECT_VERSION = 1;
				DEVELOPMENT_ASSET_PATHS = ..;
				DEVELOPMENT_TEAM = 7HDA78784S;
				ENABLE_PREVIEWS = YES;
				GENERATE_INFOPLIST_FILE = YES;
				INFOPLIST_FILE = OpenPassAppleTVPOC/Info.plist;
				INFOPLIST_KEY_UILaunchScreen_Generation = YES;
				INFOPLIST_KEY_UIUserInterfaceStyle = Automatic;
				LD_RUNPATH_SEARCH_PATHS = (
					"$(inherited)",
					"@executable_path/Frameworks",
				);
				MARKETING_VERSION = 1.0;
				PRODUCT_BUNDLE_IDENTIFIER = com.myopenpass.tv.OpenPassAppleTVPOC;
				PRODUCT_NAME = "$(TARGET_NAME)";
				SDKROOT = appletvos;
				SWIFT_EMIT_LOC_STRINGS = YES;
				SWIFT_VERSION = 5.0;
				TARGETED_DEVICE_FAMILY = 3;
				TVOS_DEPLOYMENT_TARGET = 16.4;
			};
			name = Release;
		};
		E298111F28F9DDC500A6A6E0 /* Debug */ = {
			isa = XCBuildConfiguration;
			buildSettings = {
				ALWAYS_SEARCH_USER_PATHS = NO;
				CLANG_ANALYZER_NONNULL = YES;
				CLANG_ANALYZER_NUMBER_OBJECT_CONVERSION = YES_AGGRESSIVE;
				CLANG_CXX_LANGUAGE_STANDARD = "gnu++20";
				CLANG_ENABLE_MODULES = YES;
				CLANG_ENABLE_OBJC_ARC = YES;
				CLANG_ENABLE_OBJC_WEAK = YES;
				CLANG_WARN_BLOCK_CAPTURE_AUTORELEASING = YES;
				CLANG_WARN_BOOL_CONVERSION = YES;
				CLANG_WARN_COMMA = YES;
				CLANG_WARN_CONSTANT_CONVERSION = YES;
				CLANG_WARN_DEPRECATED_OBJC_IMPLEMENTATIONS = YES;
				CLANG_WARN_DIRECT_OBJC_ISA_USAGE = YES_ERROR;
				CLANG_WARN_DOCUMENTATION_COMMENTS = YES;
				CLANG_WARN_EMPTY_BODY = YES;
				CLANG_WARN_ENUM_CONVERSION = YES;
				CLANG_WARN_INFINITE_RECURSION = YES;
				CLANG_WARN_INT_CONVERSION = YES;
				CLANG_WARN_NON_LITERAL_NULL_CONVERSION = YES;
				CLANG_WARN_OBJC_IMPLICIT_RETAIN_SELF = YES;
				CLANG_WARN_OBJC_LITERAL_CONVERSION = YES;
				CLANG_WARN_OBJC_ROOT_CLASS = YES_ERROR;
				CLANG_WARN_QUOTED_INCLUDE_IN_FRAMEWORK_HEADER = YES;
				CLANG_WARN_RANGE_LOOP_ANALYSIS = YES;
				CLANG_WARN_STRICT_PROTOTYPES = YES;
				CLANG_WARN_SUSPICIOUS_MOVE = YES;
				CLANG_WARN_UNGUARDED_AVAILABILITY = YES_AGGRESSIVE;
				CLANG_WARN_UNREACHABLE_CODE = YES;
				CLANG_WARN__DUPLICATE_METHOD_MATCH = YES;
				COPY_PHASE_STRIP = NO;
				DEBUG_INFORMATION_FORMAT = dwarf;
				ENABLE_STRICT_OBJC_MSGSEND = YES;
				ENABLE_TESTABILITY = YES;
				GCC_C_LANGUAGE_STANDARD = gnu11;
				GCC_DYNAMIC_NO_PIC = NO;
				GCC_NO_COMMON_BLOCKS = YES;
				GCC_OPTIMIZATION_LEVEL = 0;
				GCC_PREPROCESSOR_DEFINITIONS = (
					"DEBUG=1",
					"$(inherited)",
				);
				GCC_WARN_64_TO_32_BIT_CONVERSION = YES;
				GCC_WARN_ABOUT_RETURN_TYPE = YES_ERROR;
				GCC_WARN_UNDECLARED_SELECTOR = YES;
				GCC_WARN_UNINITIALIZED_AUTOS = YES_AGGRESSIVE;
				GCC_WARN_UNUSED_FUNCTION = YES;
				GCC_WARN_UNUSED_VARIABLE = YES;
				IPHONEOS_DEPLOYMENT_TARGET = 13.0;
				MTL_ENABLE_DEBUG_INFO = INCLUDE_SOURCE;
				MTL_FAST_MATH = YES;
				ONLY_ACTIVE_ARCH = YES;
				SDKROOT = iphoneos;
				SWIFT_ACTIVE_COMPILATION_CONDITIONS = DEBUG;
				SWIFT_OPTIMIZATION_LEVEL = "-Onone";
				SWIFT_STRICT_CONCURRENCY = complete;
				TVOS_DEPLOYMENT_TARGET = 16.0;
			};
			name = Debug;
		};
		E298112028F9DDC500A6A6E0 /* Release */ = {
			isa = XCBuildConfiguration;
			buildSettings = {
				ALWAYS_SEARCH_USER_PATHS = NO;
				CLANG_ANALYZER_NONNULL = YES;
				CLANG_ANALYZER_NUMBER_OBJECT_CONVERSION = YES_AGGRESSIVE;
				CLANG_CXX_LANGUAGE_STANDARD = "gnu++20";
				CLANG_ENABLE_MODULES = YES;
				CLANG_ENABLE_OBJC_ARC = YES;
				CLANG_ENABLE_OBJC_WEAK = YES;
				CLANG_WARN_BLOCK_CAPTURE_AUTORELEASING = YES;
				CLANG_WARN_BOOL_CONVERSION = YES;
				CLANG_WARN_COMMA = YES;
				CLANG_WARN_CONSTANT_CONVERSION = YES;
				CLANG_WARN_DEPRECATED_OBJC_IMPLEMENTATIONS = YES;
				CLANG_WARN_DIRECT_OBJC_ISA_USAGE = YES_ERROR;
				CLANG_WARN_DOCUMENTATION_COMMENTS = YES;
				CLANG_WARN_EMPTY_BODY = YES;
				CLANG_WARN_ENUM_CONVERSION = YES;
				CLANG_WARN_INFINITE_RECURSION = YES;
				CLANG_WARN_INT_CONVERSION = YES;
				CLANG_WARN_NON_LITERAL_NULL_CONVERSION = YES;
				CLANG_WARN_OBJC_IMPLICIT_RETAIN_SELF = YES;
				CLANG_WARN_OBJC_LITERAL_CONVERSION = YES;
				CLANG_WARN_OBJC_ROOT_CLASS = YES_ERROR;
				CLANG_WARN_QUOTED_INCLUDE_IN_FRAMEWORK_HEADER = YES;
				CLANG_WARN_RANGE_LOOP_ANALYSIS = YES;
				CLANG_WARN_STRICT_PROTOTYPES = YES;
				CLANG_WARN_SUSPICIOUS_MOVE = YES;
				CLANG_WARN_UNGUARDED_AVAILABILITY = YES_AGGRESSIVE;
				CLANG_WARN_UNREACHABLE_CODE = YES;
				CLANG_WARN__DUPLICATE_METHOD_MATCH = YES;
				COPY_PHASE_STRIP = NO;
				DEBUG_INFORMATION_FORMAT = "dwarf-with-dsym";
				ENABLE_NS_ASSERTIONS = NO;
				ENABLE_STRICT_OBJC_MSGSEND = YES;
				GCC_C_LANGUAGE_STANDARD = gnu11;
				GCC_NO_COMMON_BLOCKS = YES;
				GCC_WARN_64_TO_32_BIT_CONVERSION = YES;
				GCC_WARN_ABOUT_RETURN_TYPE = YES_ERROR;
				GCC_WARN_UNDECLARED_SELECTOR = YES;
				GCC_WARN_UNINITIALIZED_AUTOS = YES_AGGRESSIVE;
				GCC_WARN_UNUSED_FUNCTION = YES;
				GCC_WARN_UNUSED_VARIABLE = YES;
				IPHONEOS_DEPLOYMENT_TARGET = 13.0;
				MTL_ENABLE_DEBUG_INFO = NO;
				MTL_FAST_MATH = YES;
				SDKROOT = iphoneos;
				SWIFT_COMPILATION_MODE = wholemodule;
				SWIFT_OPTIMIZATION_LEVEL = "-O";
				SWIFT_STRICT_CONCURRENCY = complete;
				TVOS_DEPLOYMENT_TARGET = 16.0;
				VALIDATE_PRODUCT = YES;
			};
			name = Release;
		};
		E298112228F9DDC500A6A6E0 /* Debug */ = {
			isa = XCBuildConfiguration;
			buildSettings = {
				ASSETCATALOG_COMPILER_APPICON_NAME = AppIcon;
				ASSETCATALOG_COMPILER_GLOBAL_ACCENT_COLOR_NAME = AccentColor;
				CODE_SIGN_ENTITLEMENTS = OpenPassDevelopmentApp/OpenPassDevelopmentApp.entitlements;
				CODE_SIGN_STYLE = Automatic;
				CURRENT_PROJECT_VERSION = 1;
				DEVELOPMENT_TEAM = 7HDA78784S;
				GENERATE_INFOPLIST_FILE = YES;
				INFOPLIST_FILE = OpenPassDevelopmentApp/Info.plist;
				INFOPLIST_KEY_UIApplicationSupportsIndirectInputEvents = YES;
				INFOPLIST_KEY_UILaunchStoryboardName = LaunchScreen;
				INFOPLIST_KEY_UISupportedInterfaceOrientations = "UIInterfaceOrientationLandscapeLeft UIInterfaceOrientationLandscapeRight UIInterfaceOrientationPortrait UIInterfaceOrientationPortraitUpsideDown";
				IPHONEOS_DEPLOYMENT_TARGET = 13.0;
				LD_RUNPATH_SEARCH_PATHS = (
					"$(inherited)",
					"@executable_path/Frameworks",
				);
				MARKETING_VERSION = 1.0;
				PRODUCT_BUNDLE_IDENTIFIER = com.myopenpass.OpenPassDevelopmentApp;
				PRODUCT_NAME = "$(TARGET_NAME)";
				SUPPORTED_PLATFORMS = "iphoneos iphonesimulator";
				SUPPORTS_MACCATALYST = NO;
				SUPPORTS_MAC_DESIGNED_FOR_IPHONE_IPAD = NO;
				SWIFT_EMIT_LOC_STRINGS = YES;
				SWIFT_VERSION = 5.0;
				TARGETED_DEVICE_FAMILY = "1,2";
			};
			name = Debug;
		};
		E298112328F9DDC500A6A6E0 /* Release */ = {
			isa = XCBuildConfiguration;
			buildSettings = {
				ASSETCATALOG_COMPILER_APPICON_NAME = AppIcon;
				ASSETCATALOG_COMPILER_GLOBAL_ACCENT_COLOR_NAME = AccentColor;
				CODE_SIGN_ENTITLEMENTS = OpenPassDevelopmentApp/OpenPassDevelopmentApp.entitlements;
				CODE_SIGN_STYLE = Automatic;
				CURRENT_PROJECT_VERSION = 1;
				DEVELOPMENT_TEAM = 7HDA78784S;
				GENERATE_INFOPLIST_FILE = YES;
				INFOPLIST_FILE = OpenPassDevelopmentApp/Info.plist;
				INFOPLIST_KEY_UIApplicationSupportsIndirectInputEvents = YES;
				INFOPLIST_KEY_UILaunchStoryboardName = LaunchScreen;
				INFOPLIST_KEY_UISupportedInterfaceOrientations = "UIInterfaceOrientationLandscapeLeft UIInterfaceOrientationLandscapeRight UIInterfaceOrientationPortrait UIInterfaceOrientationPortraitUpsideDown";
				IPHONEOS_DEPLOYMENT_TARGET = 13.0;
				LD_RUNPATH_SEARCH_PATHS = (
					"$(inherited)",
					"@executable_path/Frameworks",
				);
				MARKETING_VERSION = 1.0;
				PRODUCT_BUNDLE_IDENTIFIER = com.myopenpass.OpenPassDevelopmentApp;
				PRODUCT_NAME = "$(TARGET_NAME)";
				SUPPORTED_PLATFORMS = "iphoneos iphonesimulator";
				SUPPORTS_MACCATALYST = NO;
				SUPPORTS_MAC_DESIGNED_FOR_IPHONE_IPAD = NO;
				SWIFT_EMIT_LOC_STRINGS = YES;
				SWIFT_VERSION = 5.0;
				TARGETED_DEVICE_FAMILY = "1,2";
			};
			name = Release;
		};
/* End XCBuildConfiguration section */

/* Begin XCConfigurationList section */
		A24BA8DB2A09FF760008F8CC /* Build configuration list for PBXNativeTarget "OpenPassAppleTVPOC" */ = {
			isa = XCConfigurationList;
			buildConfigurations = (
				A24BA8D92A09FF760008F8CC /* Debug */,
				A24BA8DA2A09FF760008F8CC /* Release */,
			);
			defaultConfigurationIsVisible = 0;
			defaultConfigurationName = Release;
		};
		E298110828F9DDC400A6A6E0 /* Build configuration list for PBXProject "OpenPassDevelopmentApp" */ = {
			isa = XCConfigurationList;
			buildConfigurations = (
				E298111F28F9DDC500A6A6E0 /* Debug */,
				E298112028F9DDC500A6A6E0 /* Release */,
			);
			defaultConfigurationIsVisible = 0;
			defaultConfigurationName = Release;
		};
		E298112128F9DDC500A6A6E0 /* Build configuration list for PBXNativeTarget "OpenPassDevelopmentApp" */ = {
			isa = XCConfigurationList;
			buildConfigurations = (
				E298112228F9DDC500A6A6E0 /* Debug */,
				E298112328F9DDC500A6A6E0 /* Release */,
			);
			defaultConfigurationIsVisible = 0;
			defaultConfigurationName = Release;
		};
/* End XCConfigurationList section */

/* Begin XCSwiftPackageProductDependency section */
		A26ED37D2A0A093700D659CA /* OpenPass */ = {
			isa = XCSwiftPackageProductDependency;
			productName = OpenPass;
		};
		E2E9795928F9E5AE00E46CE8 /* OpenPass */ = {
			isa = XCSwiftPackageProductDependency;
			productName = OpenPass;
		};
/* End XCSwiftPackageProductDependency section */
	};
	rootObject = E298110528F9DDC400A6A6E0 /* Project object */;
}
